<Solution>
  <Folder Name="/Tools/">
    <Project Path="../Tools/Toolbox.Razor/Toolbox.Razor.csproj" />
    <Project Path="../Tools/Toolbox.test/Toolbox.test.csproj" />
    <Project Path="../Tools/Toolbox/Toolbox.csproj" />
  </Folder>
  <Project Path="CivillyInsaneWeb/CivillyInsaneWeb.csproj" />
</Solution>
